// !$*UTF8*$!
{
	archiveVersion = 1;
	classes = {
	};
	objectVersion = 56;
	objects = {

/* Begin PBXBuildFile section */
		0444E7D72BFC7A1E00FB96FD /* AppDelegate.swift in Sources */ = {isa = PBXBuildFile; fileRef = 0444E7D62BFC7A1E00FB96FD /* AppDelegate.swift */; };
		0444E7D92BFC7A1E00FB96FD /* SceneDelegate.swift in Sources */ = {isa = PBXBuildFile; fileRef = 0444E7D82BFC7A1E00FB96FD /* SceneDelegate.swift */; };
		0444E7DB2BFC7A1E00FB96FD /* HomeMenuController.swift in Sources */ = {isa = PBXBuildFile; fileRef = 0444E7DA2BFC7A1E00FB96FD /* HomeMenuController.swift */; };
		0444E7E02BFC7A2000FB96FD /* Assets.xcassets in Resources */ = {isa = PBXBuildFile; fileRef = 0444E7DF2BFC7A2000FB96FD /* Assets.xcassets */; };
		0444E7E32BFC7A2000FB96FD /* LaunchScreen.storyboard in Resources */ = {isa = PBXBuildFile; fileRef = 0444E7E12BFC7A2000FB96FD /* LaunchScreen.storyboard */; };
		0444E7EE2BFC7A2000FB96FD /* RickAndMortyTests.swift in Sources */ = {isa = PBXBuildFile; fileRef = 0444E7ED2BFC7A2000FB96FD /* RickAndMortyTests.swift */; };
		0444E8272BFCD00B00FB96FD /* Coordinator.swift in Sources */ = {isa = PBXBuildFile; fileRef = 0444E8262BFCD00B00FB96FD /* Coordinator.swift */; };
		0444E82A2BFCD07300FB96FD /* AppCoordinator.swift in Sources */ = {isa = PBXBuildFile; fileRef = 0444E8292BFCD07300FB96FD /* AppCoordinator.swift */; };
		0444E82C2BFCD0E700FB96FD /* AppFactory.swift in Sources */ = {isa = PBXBuildFile; fileRef = 0444E82B2BFCD0E700FB96FD /* AppFactory.swift */; };
		044BC8E42C2546C500EEF26C /* SpinnerDisplayable.swift in Sources */ = {isa = PBXBuildFile; fileRef = 044BC8E32C2546C500EEF26C /* SpinnerDisplayable.swift */; };
		044BC8E62C25490100EEF26C /* ViewValues.swift in Sources */ = {isa = PBXBuildFile; fileRef = 044BC8E52C25490100EEF26C /* ViewValues.swift */; };
		044BC8E82C2550A100EEF26C /* MessageDisplayable.swift in Sources */ = {isa = PBXBuildFile; fileRef = 044BC8E72C2550A100EEF26C /* MessageDisplayable.swift */; };
		047E71632C23BDED00D10A5A /* ApiClientService.swift in Sources */ = {isa = PBXBuildFile; fileRef = 047E71622C23BDED00D10A5A /* ApiClientService.swift */; };
		047E71662C23BE6600D10A5A /* ApiClentServiceImp.swift in Sources */ = {isa = PBXBuildFile; fileRef = 047E71652C23BE6600D10A5A /* ApiClentServiceImp.swift */; };
		047E71692C23BF9900D10A5A /* ApiError.swift in Sources */ = {isa = PBXBuildFile; fileRef = 047E71682C23BF9900D10A5A /* ApiError.swift */; };
		047E716C2C23C34C00D10A5A /* HttpResoneseStatus.swift in Sources */ = {isa = PBXBuildFile; fileRef = 047E716B2C23C34C00D10A5A /* HttpResoneseStatus.swift */; };
		047E716F2C23CDBB00D10A5A /* MenuDTO.swift in Sources */ = {isa = PBXBuildFile; fileRef = 047E716E2C23CDBB00D10A5A /* MenuDTO.swift */; };
		047E71712C23CEED00D10A5A /* MenuDTO+Mapper.swift in Sources */ = {isa = PBXBuildFile; fileRef = 047E71702C23CEED00D10A5A /* MenuDTO+Mapper.swift */; };
		047E71732C23CF9800D10A5A /* PropertyIterator.swift in Sources */ = {isa = PBXBuildFile; fileRef = 047E71722C23CF9800D10A5A /* PropertyIterator.swift */; };
		047E71752C23D52900D10A5A /* EndPoint.swift in Sources */ = {isa = PBXBuildFile; fileRef = 047E71742C23D52900D10A5A /* EndPoint.swift */; };
		0487D3752C228B0200818E87 /* ItemHomeMenuCell.swift in Sources */ = {isa = PBXBuildFile; fileRef = 0487D3742C228B0200818E87 /* ItemHomeMenuCell.swift */; };
		0487D3772C228CFF00818E87 /* UIView+Contraints.swift in Sources */ = {isa = PBXBuildFile; fileRef = 0487D3762C228CFF00818E87 /* UIView+Contraints.swift */; };
		0487D3792C22901D00818E87 /* Reusable.swift in Sources */ = {isa = PBXBuildFile; fileRef = 0487D3782C22901D00818E87 /* Reusable.swift */; };
		0487D37F2C22AAAC00818E87 /* MenuRepository.swift in Sources */ = {isa = PBXBuildFile; fileRef = 0487D37E2C22AAAC00818E87 /* MenuRepository.swift */; };
		0487D3822C22AB3000818E87 /* MenuItem.swift in Sources */ = {isa = PBXBuildFile; fileRef = 0487D3812C22AB3000818E87 /* MenuItem.swift */; };
		0487D3852C22ABFE00818E87 /* MenuRepositoryImp.swift in Sources */ = {isa = PBXBuildFile; fileRef = 0487D3842C22ABFE00818E87 /* MenuRepositoryImp.swift */; };
		0487D3872C22B6F000818E87 /* LoadMenuUseCase.swift in Sources */ = {isa = PBXBuildFile; fileRef = 0487D3862C22B6F000818E87 /* LoadMenuUseCase.swift */; };
		0487D38C2C22C4A300818E87 /* HomeMenuViewModel.swift in Sources */ = {isa = PBXBuildFile; fileRef = 0487D38B2C22C4A300818E87 /* HomeMenuViewModel.swift */; };
		0487D38E2C22C52B00818E87 /* StateController.swift in Sources */ = {isa = PBXBuildFile; fileRef = 0487D38D2C22C52B00818E87 /* StateController.swift */; };
		0487D3902C22C62C00818E87 /* ItemHomeMenuViewModel.swift in Sources */ = {isa = PBXBuildFile; fileRef = 0487D38F2C22C62C00818E87 /* ItemHomeMenuViewModel.swift */; };
		049B17EA2C105B6100BEAA20 /* HomeCoordinator.swift in Sources */ = {isa = PBXBuildFile; fileRef = 049B17E92C105B6000BEAA20 /* HomeCoordinator.swift */; };
		049B17EC2C105BAC00BEAA20 /* HomeFactory.swift in Sources */ = {isa = PBXBuildFile; fileRef = 049B17EB2C105BAC00BEAA20 /* HomeFactory.swift */; };
/* End PBXBuildFile section */

/* Begin PBXContainerItemProxy section */
		0444E7EA2BFC7A2000FB96FD /* PBXContainerItemProxy */ = {
			isa = PBXContainerItemProxy;
			containerPortal = 0444E7CB2BFC7A1E00FB96FD /* Project object */;
			proxyType = 1;
			remoteGlobalIDString = 0444E7D22BFC7A1E00FB96FD;
			remoteInfo = RickAndMorty;
		};
		0444E7F42BFC7A2100FB96FD /* PBXContainerItemProxy */ = {
			isa = PBXContainerItemProxy;
			containerPortal = 0444E7CB2BFC7A1E00FB96FD /* Project object */;
			proxyType = 1;
			remoteGlobalIDString = 0444E7D22BFC7A1E00FB96FD;
			remoteInfo = RickAndMorty;
		};
/* End PBXContainerItemProxy section */

/* Begin PBXFileReference section */
		0444E7D32BFC7A1E00FB96FD /* RickAndMorty.app */ = {isa = PBXFileReference; explicitFileType = wrapper.application; includeInIndex = 0; path = RickAndMorty.app; sourceTree = BUILT_PRODUCTS_DIR; };
		0444E7D62BFC7A1E00FB96FD /* AppDelegate.swift */ = {isa = PBXFileReference; lastKnownFileType = sourcecode.swift; path = AppDelegate.swift; sourceTree = "<group>"; };
		0444E7D82BFC7A1E00FB96FD /* SceneDelegate.swift */ = {isa = PBXFileReference; lastKnownFileType = sourcecode.swift; path = SceneDelegate.swift; sourceTree = "<group>"; };
		0444E7DA2BFC7A1E00FB96FD /* HomeMenuController.swift */ = {isa = PBXFileReference; lastKnownFileType = sourcecode.swift; path = HomeMenuController.swift; sourceTree = "<group>"; };
		0444E7DF2BFC7A2000FB96FD /* Assets.xcassets */ = {isa = PBXFileReference; lastKnownFileType = folder.assetcatalog; path = Assets.xcassets; sourceTree = "<group>"; };
		0444E7E22BFC7A2000FB96FD /* Base */ = {isa = PBXFileReference; lastKnownFileType = file.storyboard; name = Base; path = Base.lproj/LaunchScreen.storyboard; sourceTree = "<group>"; };
		0444E7E42BFC7A2000FB96FD /* Info.plist */ = {isa = PBXFileReference; lastKnownFileType = text.plist.xml; path = Info.plist; sourceTree = "<group>"; };
		0444E7E92BFC7A2000FB96FD /* RickAndMortyTests.xctest */ = {isa = PBXFileReference; explicitFileType = wrapper.cfbundle; includeInIndex = 0; path = RickAndMortyTests.xctest; sourceTree = BUILT_PRODUCTS_DIR; };
		0444E7ED2BFC7A2000FB96FD /* RickAndMortyTests.swift */ = {isa = PBXFileReference; lastKnownFileType = sourcecode.swift; path = RickAndMortyTests.swift; sourceTree = "<group>"; };
		0444E7F32BFC7A2100FB96FD /* RickAndMortyUITests.xctest */ = {isa = PBXFileReference; explicitFileType = wrapper.cfbundle; includeInIndex = 0; path = RickAndMortyUITests.xctest; sourceTree = BUILT_PRODUCTS_DIR; };
		0444E8262BFCD00B00FB96FD /* Coordinator.swift */ = {isa = PBXFileReference; lastKnownFileType = sourcecode.swift; path = Coordinator.swift; sourceTree = "<group>"; };
		0444E8292BFCD07300FB96FD /* AppCoordinator.swift */ = {isa = PBXFileReference; lastKnownFileType = sourcecode.swift; path = AppCoordinator.swift; sourceTree = "<group>"; };
		0444E82B2BFCD0E700FB96FD /* AppFactory.swift */ = {isa = PBXFileReference; lastKnownFileType = sourcecode.swift; path = AppFactory.swift; sourceTree = "<group>"; };
		044BC8E32C2546C500EEF26C /* SpinnerDisplayable.swift */ = {isa = PBXFileReference; lastKnownFileType = sourcecode.swift; path = SpinnerDisplayable.swift; sourceTree = "<group>"; };
		044BC8E52C25490100EEF26C /* ViewValues.swift */ = {isa = PBXFileReference; lastKnownFileType = sourcecode.swift; path = ViewValues.swift; sourceTree = "<group>"; };
		044BC8E72C2550A100EEF26C /* MessageDisplayable.swift */ = {isa = PBXFileReference; lastKnownFileType = sourcecode.swift; path = MessageDisplayable.swift; sourceTree = "<group>"; };
		047E71622C23BDED00D10A5A /* ApiClientService.swift */ = {isa = PBXFileReference; lastKnownFileType = sourcecode.swift; path = ApiClientService.swift; sourceTree = "<group>"; };
		047E71652C23BE6600D10A5A /* ApiClentServiceImp.swift */ = {isa = PBXFileReference; lastKnownFileType = sourcecode.swift; path = ApiClentServiceImp.swift; sourceTree = "<group>"; };
		047E71682C23BF9900D10A5A /* ApiError.swift */ = {isa = PBXFileReference; lastKnownFileType = sourcecode.swift; path = ApiError.swift; sourceTree = "<group>"; };
		047E716B2C23C34C00D10A5A /* HttpResoneseStatus.swift */ = {isa = PBXFileReference; lastKnownFileType = sourcecode.swift; path = HttpResoneseStatus.swift; sourceTree = "<group>"; };
		047E716E2C23CDBB00D10A5A /* MenuDTO.swift */ = {isa = PBXFileReference; lastKnownFileType = sourcecode.swift; path = MenuDTO.swift; sourceTree = "<group>"; };
		047E71702C23CEED00D10A5A /* MenuDTO+Mapper.swift */ = {isa = PBXFileReference; lastKnownFileType = sourcecode.swift; path = "MenuDTO+Mapper.swift"; sourceTree = "<group>"; };
		047E71722C23CF9800D10A5A /* PropertyIterator.swift */ = {isa = PBXFileReference; lastKnownFileType = sourcecode.swift; path = PropertyIterator.swift; sourceTree = "<group>"; };
		047E71742C23D52900D10A5A /* EndPoint.swift */ = {isa = PBXFileReference; lastKnownFileType = sourcecode.swift; path = EndPoint.swift; sourceTree = "<group>"; };
		0487D3742C228B0200818E87 /* ItemHomeMenuCell.swift */ = {isa = PBXFileReference; lastKnownFileType = sourcecode.swift; path = ItemHomeMenuCell.swift; sourceTree = "<group>"; };
		0487D3762C228CFF00818E87 /* UIView+Contraints.swift */ = {isa = PBXFileReference; lastKnownFileType = sourcecode.swift; path = "UIView+Contraints.swift"; sourceTree = "<group>"; };
		0487D3782C22901D00818E87 /* Reusable.swift */ = {isa = PBXFileReference; lastKnownFileType = sourcecode.swift; path = Reusable.swift; sourceTree = "<group>"; };
		0487D37E2C22AAAC00818E87 /* MenuRepository.swift */ = {isa = PBXFileReference; lastKnownFileType = sourcecode.swift; path = MenuRepository.swift; sourceTree = "<group>"; };
		0487D3812C22AB3000818E87 /* MenuItem.swift */ = {isa = PBXFileReference; lastKnownFileType = sourcecode.swift; path = MenuItem.swift; sourceTree = "<group>"; };
		0487D3842C22ABFE00818E87 /* MenuRepositoryImp.swift */ = {isa = PBXFileReference; lastKnownFileType = sourcecode.swift; path = MenuRepositoryImp.swift; sourceTree = "<group>"; };
		0487D3862C22B6F000818E87 /* LoadMenuUseCase.swift */ = {isa = PBXFileReference; lastKnownFileType = sourcecode.swift; path = LoadMenuUseCase.swift; sourceTree = "<group>"; };
		0487D38B2C22C4A300818E87 /* HomeMenuViewModel.swift */ = {isa = PBXFileReference; lastKnownFileType = sourcecode.swift; path = HomeMenuViewModel.swift; sourceTree = "<group>"; };
		0487D38D2C22C52B00818E87 /* StateController.swift */ = {isa = PBXFileReference; lastKnownFileType = sourcecode.swift; path = StateController.swift; sourceTree = "<group>"; };
		0487D38F2C22C62C00818E87 /* ItemHomeMenuViewModel.swift */ = {isa = PBXFileReference; lastKnownFileType = sourcecode.swift; path = ItemHomeMenuViewModel.swift; sourceTree = "<group>"; };
		049B17E92C105B6000BEAA20 /* HomeCoordinator.swift */ = {isa = PBXFileReference; lastKnownFileType = sourcecode.swift; path = HomeCoordinator.swift; sourceTree = "<group>"; };
		049B17EB2C105BAC00BEAA20 /* HomeFactory.swift */ = {isa = PBXFileReference; lastKnownFileType = sourcecode.swift; path = HomeFactory.swift; sourceTree = "<group>"; };
/* End PBXFileReference section */

/* Begin PBXFrameworksBuildPhase section */
		0444E7D02BFC7A1E00FB96FD /* Frameworks */ = {
			isa = PBXFrameworksBuildPhase;
			buildActionMask = 2147483647;
			files = (
			);
			runOnlyForDeploymentPostprocessing = 0;
		};
		0444E7E62BFC7A2000FB96FD /* Frameworks */ = {
			isa = PBXFrameworksBuildPhase;
			buildActionMask = 2147483647;
			files = (
			);
			runOnlyForDeploymentPostprocessing = 0;
		};
		0444E7F02BFC7A2100FB96FD /* Frameworks */ = {
			isa = PBXFrameworksBuildPhase;
			buildActionMask = 2147483647;
			files = (
			);
			runOnlyForDeploymentPostprocessing = 0;
		};
/* End PBXFrameworksBuildPhase section */

/* Begin PBXGroup section */
		0444E7CA2BFC7A1E00FB96FD = {
			isa = PBXGroup;
			children = (
				0444E7D52BFC7A1E00FB96FD /* RickAndMorty */,
				0444E7EC2BFC7A2000FB96FD /* RickAndMortyTests */,
				0444E7D42BFC7A1E00FB96FD /* Products */,
			);
			sourceTree = "<group>";
		};
		0444E7D42BFC7A1E00FB96FD /* Products */ = {
			isa = PBXGroup;
			children = (
				0444E7D32BFC7A1E00FB96FD /* RickAndMorty.app */,
				0444E7E92BFC7A2000FB96FD /* RickAndMortyTests.xctest */,
				0444E7F32BFC7A2100FB96FD /* RickAndMortyUITests.xctest */,
			);
			name = Products;
			sourceTree = "<group>";
		};
		0444E7D52BFC7A1E00FB96FD /* RickAndMorty */ = {
			isa = PBXGroup;
			children = (
				0444E8062BFC97ED00FB96FD /* App */,
				0444E7E42BFC7A2000FB96FD /* Info.plist */,
			);
			path = RickAndMorty;
			sourceTree = "<group>";
		};
		0444E7EC2BFC7A2000FB96FD /* RickAndMortyTests */ = {
			isa = PBXGroup;
			children = (
				0444E7ED2BFC7A2000FB96FD /* RickAndMortyTests.swift */,
			);
			path = RickAndMortyTests;
			sourceTree = "<group>";
		};
		0444E8062BFC97ED00FB96FD /* App */ = {
			isa = PBXGroup;
			children = (
				0444E80C2BFCCB8800FB96FD /* Storage */,
				0444E80B2BFCCB4900FB96FD /* Resource */,
				0444E80A2BFCCB4100FB96FD /* Networking */,
				0444E8092BFCC99100FB96FD /* Common */,
				0444E8082BFC981900FB96FD /* ScreanModules */,
				0444E8072BFC97FF00FB96FD /* CompositionRoot */,
			);
			path = App;
			sourceTree = "<group>";
		};
		0444E8072BFC97FF00FB96FD /* CompositionRoot */ = {
			isa = PBXGroup;
			children = (
				0444E8242BFCCF4D00FB96FD /* System */,
				0444E8222BFCCE3A00FB96FD /* DIContainer */,
				0444E8212BFCCE2A00FB96FD /* Factories */,
				0444E81E2BFCCDC900FB96FD /* Coordinator */,
			);
			path = CompositionRoot;
			sourceTree = "<group>";
		};
		0444E8082BFC981900FB96FD /* ScreanModules */ = {
			isa = PBXGroup;
			children = (
				0444E8232BFCCE6300FB96FD /* LauchScreen */,
				0444E8132BFCCBE400FB96FD /* LocationDetail */,
				0444E8122BFCCBD900FB96FD /* Origin */,
				0444E8112BFCCBCB00FB96FD /* Episodes */,
				0444E8102BFCCBC500FB96FD /* Locations */,
				0444E80F2BFCCBB400FB96FD /* CharacterDetail */,
				0444E80E2BFCCB9F00FB96FD /* Characters */,
				0444E80D2BFCCB9400FB96FD /* HomeMenu */,
			);
			path = ScreanModules;
			sourceTree = "<group>";
		};
		0444E8092BFCC99100FB96FD /* Common */ = {
			isa = PBXGroup;
			children = (
				0444E81D2BFCCD5900FB96FD /* Localize */,
				0444E81C2BFCCD4900FB96FD /* StateController */,
				0444E81B2BFCCCC600FB96FD /* Utils */,
				0444E8172BFCCC3500FB96FD /* Layer */,
				0444E8162BFCCC2D00FB96FD /* Components */,
				0444E8152BFCCC2200FB96FD /* Constants */,
				0444E8142BFCCC1B00FB96FD /* Extension */,
			);
			path = Common;
			sourceTree = "<group>";
		};
		0444E80A2BFCCB4100FB96FD /* Networking */ = {
			isa = PBXGroup;
			children = (
				047E716A2C23C33700D10A5A /* StatusResponse */,
				047E71672C23BF8900D10A5A /* Errors */,
				047E71642C23BE4E00D10A5A /* Implementations */,
				047E71612C23BDCD00D10A5A /* ApiService */,
				047E71742C23D52900D10A5A /* EndPoint.swift */,
			);
			path = Networking;
			sourceTree = "<group>";
		};
		0444E80B2BFCCB4900FB96FD /* Resource */ = {
			isa = PBXGroup;
			children = (
				0444E7DF2BFC7A2000FB96FD /* Assets.xcassets */,
			);
			path = Resource;
			sourceTree = "<group>";
		};
		0444E80C2BFCCB8800FB96FD /* Storage */ = {
			isa = PBXGroup;
			children = (
			);
			path = Storage;
			sourceTree = "<group>";
		};
		0444E80D2BFCCB9400FB96FD /* HomeMenu */ = {
			isa = PBXGroup;
			children = (
				0487D37C2C22AA7E00818E87 /* Domain */,
				0487D37B2C22AA7300818E87 /* Data */,
				0487D37A2C22AA4F00818E87 /* Presentation */,
			);
			path = HomeMenu;
			sourceTree = "<group>";
		};
		0444E80E2BFCCB9F00FB96FD /* Characters */ = {
			isa = PBXGroup;
			children = (
			);
			path = Characters;
			sourceTree = "<group>";
		};
		0444E80F2BFCCBB400FB96FD /* CharacterDetail */ = {
			isa = PBXGroup;
			children = (
			);
			path = CharacterDetail;
			sourceTree = "<group>";
		};
		0444E8102BFCCBC500FB96FD /* Locations */ = {
			isa = PBXGroup;
			children = (
			);
			path = Locations;
			sourceTree = "<group>";
		};
		0444E8112BFCCBCB00FB96FD /* Episodes */ = {
			isa = PBXGroup;
			children = (
			);
			path = Episodes;
			sourceTree = "<group>";
		};
		0444E8122BFCCBD900FB96FD /* Origin */ = {
			isa = PBXGroup;
			children = (
			);
			path = Origin;
			sourceTree = "<group>";
		};
		0444E8132BFCCBE400FB96FD /* LocationDetail */ = {
			isa = PBXGroup;
			children = (
			);
			path = LocationDetail;
			sourceTree = "<group>";
		};
		0444E8142BFCCC1B00FB96FD /* Extension */ = {
			isa = PBXGroup;
			children = (
				0487D3762C228CFF00818E87 /* UIView+Contraints.swift */,
			);
			path = Extension;
			sourceTree = "<group>";
		};
		0444E8152BFCCC2200FB96FD /* Constants */ = {
			isa = PBXGroup;
			children = (
				044BC8E52C25490100EEF26C /* ViewValues.swift */,
			);
			path = Constants;
			sourceTree = "<group>";
		};
		0444E8162BFCCC2D00FB96FD /* Components */ = {
			isa = PBXGroup;
			children = (
				044BC8E32C2546C500EEF26C /* SpinnerDisplayable.swift */,
				044BC8E72C2550A100EEF26C /* MessageDisplayable.swift */,
			);
			path = Components;
			sourceTree = "<group>";
		};
		0444E8172BFCCC3500FB96FD /* Layer */ = {
			isa = PBXGroup;
			children = (
				0444E81A2BFCCC6100FB96FD /* Presentation */,
				0444E8192BFCCC4700FB96FD /* Domain */,
				0444E8182BFCCC3F00FB96FD /* Data */,
			);
			path = Layer;
			sourceTree = "<group>";
		};
		0444E8182BFCCC3F00FB96FD /* Data */ = {
			isa = PBXGroup;
			children = (
			);
			path = Data;
			sourceTree = "<group>";
		};
		0444E8192BFCCC4700FB96FD /* Domain */ = {
			isa = PBXGroup;
			children = (
			);
			path = Domain;
			sourceTree = "<group>";
		};
		0444E81A2BFCCC6100FB96FD /* Presentation */ = {
			isa = PBXGroup;
			children = (
				0487D38D2C22C52B00818E87 /* StateController.swift */,
			);
			path = Presentation;
			sourceTree = "<group>";
		};
		0444E81B2BFCCCC600FB96FD /* Utils */ = {
			isa = PBXGroup;
			children = (
				0487D3782C22901D00818E87 /* Reusable.swift */,
				047E71722C23CF9800D10A5A /* PropertyIterator.swift */,
			);
			path = Utils;
			sourceTree = "<group>";
		};
		0444E81C2BFCCD4900FB96FD /* StateController */ = {
			isa = PBXGroup;
			children = (
			);
			path = StateController;
			sourceTree = "<group>";
		};
		0444E81D2BFCCD5900FB96FD /* Localize */ = {
			isa = PBXGroup;
			children = (
			);
			path = Localize;
			sourceTree = "<group>";
		};
		0444E81E2BFCCDC900FB96FD /* Coordinator */ = {
			isa = PBXGroup;
			children = (
				0444E8282BFCD04F00FB96FD /* AppCoordinator */,
				0444E8202BFCCDD700FB96FD /* CoordiantorScreens */,
				0444E81F2BFCCDD200FB96FD /* Utils */,
			);
			path = Coordinator;
			sourceTree = "<group>";
		};
		0444E81F2BFCCDD200FB96FD /* Utils */ = {
			isa = PBXGroup;
			children = (
			);
			path = Utils;
			sourceTree = "<group>";
		};
		0444E8202BFCCDD700FB96FD /* CoordiantorScreens */ = {
			isa = PBXGroup;
			children = (
				049B17E92C105B6000BEAA20 /* HomeCoordinator.swift */,
			);
			path = CoordiantorScreens;
			sourceTree = "<group>";
		};
		0444E8212BFCCE2A00FB96FD /* Factories */ = {
			isa = PBXGroup;
			children = (
				0444E82B2BFCD0E700FB96FD /* AppFactory.swift */,
				049B17EB2C105BAC00BEAA20 /* HomeFactory.swift */,
			);
			path = Factories;
			sourceTree = "<group>";
		};
		0444E8222BFCCE3A00FB96FD /* DIContainer */ = {
			isa = PBXGroup;
			children = (
			);
			path = DIContainer;
			sourceTree = "<group>";
		};
		0444E8232BFCCE6300FB96FD /* LauchScreen */ = {
			isa = PBXGroup;
			children = (
				0444E7E12BFC7A2000FB96FD /* LaunchScreen.storyboard */,
			);
			path = LauchScreen;
			sourceTree = "<group>";
		};
		0444E8242BFCCF4D00FB96FD /* System */ = {
			isa = PBXGroup;
			children = (
				0444E7D62BFC7A1E00FB96FD /* AppDelegate.swift */,
				0444E7D82BFC7A1E00FB96FD /* SceneDelegate.swift */,
			);
			path = System;
			sourceTree = "<group>";
		};
		0444E8282BFCD04F00FB96FD /* AppCoordinator */ = {
			isa = PBXGroup;
			children = (
				0444E8262BFCD00B00FB96FD /* Coordinator.swift */,
				0444E8292BFCD07300FB96FD /* AppCoordinator.swift */,
			);
			path = AppCoordinator;
			sourceTree = "<group>";
		};
		047E71612C23BDCD00D10A5A /* ApiService */ = {
			isa = PBXGroup;
			children = (
				047E71622C23BDED00D10A5A /* ApiClientService.swift */,
			);
			path = ApiService;
			sourceTree = "<group>";
		};
		047E71642C23BE4E00D10A5A /* Implementations */ = {
			isa = PBXGroup;
			children = (
				047E71652C23BE6600D10A5A /* ApiClentServiceImp.swift */,
			);
			path = Implementations;
			sourceTree = "<group>";
		};
		047E71672C23BF8900D10A5A /* Errors */ = {
			isa = PBXGroup;
			children = (
				047E71682C23BF9900D10A5A /* ApiError.swift */,
			);
			path = Errors;
			sourceTree = "<group>";
		};
		047E716A2C23C33700D10A5A /* StatusResponse */ = {
			isa = PBXGroup;
			children = (
				047E716B2C23C34C00D10A5A /* HttpResoneseStatus.swift */,
			);
			path = StatusResponse;
			sourceTree = "<group>";
		};
		047E716D2C23CDAC00D10A5A /* DTO */ = {
			isa = PBXGroup;
			children = (
				047E716E2C23CDBB00D10A5A /* MenuDTO.swift */,
				047E71702C23CEED00D10A5A /* MenuDTO+Mapper.swift */,
			);
			path = DTO;
			sourceTree = "<group>";
		};
		0487D37A2C22AA4F00818E87 /* Presentation */ = {
			isa = PBXGroup;
			children = (
				0487D38A2C22C47C00818E87 /* Cell */,
				0487D3892C22C46800818E87 /* Controller */,
			);
			path = Presentation;
			sourceTree = "<group>";
		};
		0487D37B2C22AA7300818E87 /* Data */ = {
			isa = PBXGroup;
			children = (
				047E716D2C23CDAC00D10A5A /* DTO */,
				0487D3832C22ABE500818E87 /* Repositories */,
			);
			path = Data;
			sourceTree = "<group>";
		};
		0487D37C2C22AA7E00818E87 /* Domain */ = {
			isa = PBXGroup;
			children = (
				0487D3882C22B6F600818E87 /* UseCase */,
				0487D3802C22AB1300818E87 /* Entities */,
				0487D37D2C22AA9100818E87 /* InterfaceRepositories */,
			);
			path = Domain;
			sourceTree = "<group>";
		};
		0487D37D2C22AA9100818E87 /* InterfaceRepositories */ = {
			isa = PBXGroup;
			children = (
				0487D37E2C22AAAC00818E87 /* MenuRepository.swift */,
			);
			path = InterfaceRepositories;
			sourceTree = "<group>";
		};
		0487D3802C22AB1300818E87 /* Entities */ = {
			isa = PBXGroup;
			children = (
				0487D3812C22AB3000818E87 /* MenuItem.swift */,
			);
			path = Entities;
			sourceTree = "<group>";
		};
		0487D3832C22ABE500818E87 /* Repositories */ = {
			isa = PBXGroup;
			children = (
				0487D3842C22ABFE00818E87 /* MenuRepositoryImp.swift */,
			);
			path = Repositories;
			sourceTree = "<group>";
		};
		0487D3882C22B6F600818E87 /* UseCase */ = {
			isa = PBXGroup;
			children = (
				0487D3862C22B6F000818E87 /* LoadMenuUseCase.swift */,
			);
			path = UseCase;
			sourceTree = "<group>";
		};
		0487D3892C22C46800818E87 /* Controller */ = {
			isa = PBXGroup;
			children = (
				0444E7DA2BFC7A1E00FB96FD /* HomeMenuController.swift */,
				0487D38B2C22C4A300818E87 /* HomeMenuViewModel.swift */,
			);
			path = Controller;
			sourceTree = "<group>";
		};
		0487D38A2C22C47C00818E87 /* Cell */ = {
			isa = PBXGroup;
			children = (
				0487D3742C228B0200818E87 /* ItemHomeMenuCell.swift */,
				0487D38F2C22C62C00818E87 /* ItemHomeMenuViewModel.swift */,
			);
			path = Cell;
			sourceTree = "<group>";
		};
/* End PBXGroup section */

/* Begin PBXNativeTarget section */
		0444E7D22BFC7A1E00FB96FD /* RickAndMorty */ = {
			isa = PBXNativeTarget;
			buildConfigurationList = 0444E7FD2BFC7A2100FB96FD /* Build configuration list for PBXNativeTarget "RickAndMorty" */;
			buildPhases = (
				0444E7CF2BFC7A1E00FB96FD /* Sources */,
				0444E7D02BFC7A1E00FB96FD /* Frameworks */,
				0444E7D12BFC7A1E00FB96FD /* Resources */,
			);
			buildRules = (
			);
			dependencies = (
			);
			name = RickAndMorty;
			productName = RickAndMorty;
			productReference = 0444E7D32BFC7A1E00FB96FD /* RickAndMorty.app */;
			productType = "com.apple.product-type.application";
		};
		0444E7E82BFC7A2000FB96FD /* RickAndMortyTests */ = {
			isa = PBXNativeTarget;
			buildConfigurationList = 0444E8002BFC7A2100FB96FD /* Build configuration list for PBXNativeTarget "RickAndMortyTests" */;
			buildPhases = (
				0444E7E52BFC7A2000FB96FD /* Sources */,
				0444E7E62BFC7A2000FB96FD /* Frameworks */,
				0444E7E72BFC7A2000FB96FD /* Resources */,
			);
			buildRules = (
			);
			dependencies = (
				0444E7EB2BFC7A2000FB96FD /* PBXTargetDependency */,
			);
			name = RickAndMortyTests;
			productName = RickAndMortyTests;
			productReference = 0444E7E92BFC7A2000FB96FD /* RickAndMortyTests.xctest */;
			productType = "com.apple.product-type.bundle.unit-test";
		};
		0444E7F22BFC7A2100FB96FD /* RickAndMortyUITests */ = {
			isa = PBXNativeTarget;
			buildConfigurationList = 0444E8032BFC7A2100FB96FD /* Build configuration list for PBXNativeTarget "RickAndMortyUITests" */;
			buildPhases = (
				0444E7EF2BFC7A2100FB96FD /* Sources */,
				0444E7F02BFC7A2100FB96FD /* Frameworks */,
				0444E7F12BFC7A2100FB96FD /* Resources */,
			);
			buildRules = (
			);
			dependencies = (
				0444E7F52BFC7A2100FB96FD /* PBXTargetDependency */,
			);
			name = RickAndMortyUITests;
			productName = RickAndMortyUITests;
			productReference = 0444E7F32BFC7A2100FB96FD /* RickAndMortyUITests.xctest */;
			productType = "com.apple.product-type.bundle.ui-testing";
		};
/* End PBXNativeTarget section */

/* Begin PBXProject section */
		0444E7CB2BFC7A1E00FB96FD /* Project object */ = {
			isa = PBXProject;
			attributes = {
				BuildIndependentTargetsInParallel = 1;
				LastSwiftUpdateCheck = 1520;
				LastUpgradeCheck = 1520;
				TargetAttributes = {
					0444E7D22BFC7A1E00FB96FD = {
						CreatedOnToolsVersion = 15.2;
					};
					0444E7E82BFC7A2000FB96FD = {
						CreatedOnToolsVersion = 15.2;
						TestTargetID = 0444E7D22BFC7A1E00FB96FD;
					};
					0444E7F22BFC7A2100FB96FD = {
						CreatedOnToolsVersion = 15.2;
						TestTargetID = 0444E7D22BFC7A1E00FB96FD;
					};
				};
			};
			buildConfigurationList = 0444E7CE2BFC7A1E00FB96FD /* Build configuration list for PBXProject "RickAndMorty" */;
			compatibilityVersion = "Xcode 14.0";
			developmentRegion = en;
			hasScannedForEncodings = 0;
			knownRegions = (
				en,
				Base,
			);
			mainGroup = 0444E7CA2BFC7A1E00FB96FD;
			productRefGroup = 0444E7D42BFC7A1E00FB96FD /* Products */;
			projectDirPath = "";
			projectRoot = "";
			targets = (
				0444E7D22BFC7A1E00FB96FD /* RickAndMorty */,
				0444E7E82BFC7A2000FB96FD /* RickAndMortyTests */,
				0444E7F22BFC7A2100FB96FD /* RickAndMortyUITests */,
			);
		};
/* End PBXProject section */

/* Begin PBXResourcesBuildPhase section */
		0444E7D12BFC7A1E00FB96FD /* Resources */ = {
			isa = PBXResourcesBuildPhase;
			buildActionMask = 2147483647;
			files = (
				0444E7E32BFC7A2000FB96FD /* LaunchScreen.storyboard in Resources */,
				0444E7E02BFC7A2000FB96FD /* Assets.xcassets in Resources */,
			);
			runOnlyForDeploymentPostprocessing = 0;
		};
		0444E7E72BFC7A2000FB96FD /* Resources */ = {
			isa = PBXResourcesBuildPhase;
			buildActionMask = 2147483647;
			files = (
			);
			runOnlyForDeploymentPostprocessing = 0;
		};
		0444E7F12BFC7A2100FB96FD /* Resources */ = {
			isa = PBXResourcesBuildPhase;
			buildActionMask = 2147483647;
			files = (
			);
			runOnlyForDeploymentPostprocessing = 0;
		};
/* End PBXResourcesBuildPhase section */

/* Begin PBXSourcesBuildPhase section */
		0444E7CF2BFC7A1E00FB96FD /* Sources */ = {
			isa = PBXSourcesBuildPhase;
			buildActionMask = 2147483647;
			files = (
				047E71752C23D52900D10A5A /* EndPoint.swift in Sources */,
				0487D3872C22B6F000818E87 /* LoadMenuUseCase.swift in Sources */,
				0444E82C2BFCD0E700FB96FD /* AppFactory.swift in Sources */,
				0487D3792C22901D00818E87 /* Reusable.swift in Sources */,
				0487D3852C22ABFE00818E87 /* MenuRepositoryImp.swift in Sources */,
				0444E8272BFCD00B00FB96FD /* Coordinator.swift in Sources */,
				0444E7DB2BFC7A1E00FB96FD /* HomeMenuController.swift in Sources */,
				047E71662C23BE6600D10A5A /* ApiClentServiceImp.swift in Sources */,
				0487D37F2C22AAAC00818E87 /* MenuRepository.swift in Sources */,
				044BC8E42C2546C500EEF26C /* SpinnerDisplayable.swift in Sources */,
				0487D38E2C22C52B00818E87 /* StateController.swift in Sources */,
				0487D3772C228CFF00818E87 /* UIView+Contraints.swift in Sources */,
				0487D3822C22AB3000818E87 /* MenuItem.swift in Sources */,
				0444E82A2BFCD07300FB96FD /* AppCoordinator.swift in Sources */,
				044BC8E62C25490100EEF26C /* ViewValues.swift in Sources */,
				0444E7D72BFC7A1E00FB96FD /* AppDelegate.swift in Sources */,
				049B17EC2C105BAC00BEAA20 /* HomeFactory.swift in Sources */,
				047E71692C23BF9900D10A5A /* ApiError.swift in Sources */,
				047E716C2C23C34C00D10A5A /* HttpResoneseStatus.swift in Sources */,
				0487D3902C22C62C00818E87 /* ItemHomeMenuViewModel.swift in Sources */,
				047E71732C23CF9800D10A5A /* PropertyIterator.swift in Sources */,
				0487D38C2C22C4A300818E87 /* HomeMenuViewModel.swift in Sources */,
				049B17EA2C105B6100BEAA20 /* HomeCoordinator.swift in Sources */,
				047E71712C23CEED00D10A5A /* MenuDTO+Mapper.swift in Sources */,
				0487D3752C228B0200818E87 /* ItemHomeMenuCell.swift in Sources */,
				0444E7D92BFC7A1E00FB96FD /* SceneDelegate.swift in Sources */,
				047E71632C23BDED00D10A5A /* ApiClientService.swift in Sources */,
				047E716F2C23CDBB00D10A5A /* MenuDTO.swift in Sources */,
				044BC8E82C2550A100EEF26C /* MessageDisplayable.swift in Sources */,
			);
			runOnlyForDeploymentPostprocessing = 0;
		};
		0444E7E52BFC7A2000FB96FD /* Sources */ = {
			isa = PBXSourcesBuildPhase;
			buildActionMask = 2147483647;
			files = (
				0444E7EE2BFC7A2000FB96FD /* RickAndMortyTests.swift in Sources */,
			);
			runOnlyForDeploymentPostprocessing = 0;
		};
		0444E7EF2BFC7A2100FB96FD /* Sources */ = {
			isa = PBXSourcesBuildPhase;
			buildActionMask = 2147483647;
			files = (
			);
			runOnlyForDeploymentPostprocessing = 0;
		};
/* End PBXSourcesBuildPhase section */

/* Begin PBXTargetDependency section */
		0444E7EB2BFC7A2000FB96FD /* PBXTargetDependency */ = {
			isa = PBXTargetDependency;
			target = 0444E7D22BFC7A1E00FB96FD /* RickAndMorty */;
			targetProxy = 0444E7EA2BFC7A2000FB96FD /* PBXContainerItemProxy */;
		};
		0444E7F52BFC7A2100FB96FD /* PBXTargetDependency */ = {
			isa = PBXTargetDependency;
			target = 0444E7D22BFC7A1E00FB96FD /* RickAndMorty */;
			targetProxy = 0444E7F42BFC7A2100FB96FD /* PBXContainerItemProxy */;
		};
/* End PBXTargetDependency section */

/* Begin PBXVariantGroup section */
		0444E7E12BFC7A2000FB96FD /* LaunchScreen.storyboard */ = {
			isa = PBXVariantGroup;
			children = (
				0444E7E22BFC7A2000FB96FD /* Base */,
			);
			name = LaunchScreen.storyboard;
			sourceTree = "<group>";
		};
/* End PBXVariantGroup section */

/* Begin XCBuildConfiguration section */
		0444E7FB2BFC7A2100FB96FD /* Debug */ = {
			isa = XCBuildConfiguration;
			buildSettings = {
				ALWAYS_SEARCH_USER_PATHS = NO;
				ASSETCATALOG_COMPILER_GENERATE_SWIFT_ASSET_SYMBOL_EXTENSIONS = YES;
				CLANG_ANALYZER_NONNULL = YES;
				CLANG_ANALYZER_NUMBER_OBJECT_CONVERSION = YES_AGGRESSIVE;
				CLANG_CXX_LANGUAGE_STANDARD = "gnu++20";
				CLANG_ENABLE_MODULES = YES;
				CLANG_ENABLE_OBJC_ARC = YES;
				CLANG_ENABLE_OBJC_WEAK = YES;
				CLANG_WARN_BLOCK_CAPTURE_AUTORELEASING = YES;
				CLANG_WARN_BOOL_CONVERSION = YES;
				CLANG_WARN_COMMA = YES;
				CLANG_WARN_CONSTANT_CONVERSION = YES;
				CLANG_WARN_DEPRECATED_OBJC_IMPLEMENTATIONS = YES;
				CLANG_WARN_DIRECT_OBJC_ISA_USAGE = YES_ERROR;
				CLANG_WARN_DOCUMENTATION_COMMENTS = YES;
				CLANG_WARN_EMPTY_BODY = YES;
				CLANG_WARN_ENUM_CONVERSION = YES;
				CLANG_WARN_INFINITE_RECURSION = YES;
				CLANG_WARN_INT_CONVERSION = YES;
				CLANG_WARN_NON_LITERAL_NULL_CONVERSION = YES;
				CLANG_WARN_OBJC_IMPLICIT_RETAIN_SELF = YES;
				CLANG_WARN_OBJC_LITERAL_CONVERSION = YES;
				CLANG_WARN_OBJC_ROOT_CLASS = YES_ERROR;
				CLANG_WARN_QUOTED_INCLUDE_IN_FRAMEWORK_HEADER = YES;
				CLANG_WARN_RANGE_LOOP_ANALYSIS = YES;
				CLANG_WARN_STRICT_PROTOTYPES = YES;
				CLANG_WARN_SUSPICIOUS_MOVE = YES;
				CLANG_WARN_UNGUARDED_AVAILABILITY = YES_AGGRESSIVE;
				CLANG_WARN_UNREACHABLE_CODE = YES;
				CLANG_WARN__DUPLICATE_METHOD_MATCH = YES;
				COPY_PHASE_STRIP = NO;
				DEBUG_INFORMATION_FORMAT = dwarf;
				ENABLE_STRICT_OBJC_MSGSEND = YES;
				ENABLE_TESTABILITY = YES;
				ENABLE_USER_SCRIPT_SANDBOXING = YES;
				GCC_C_LANGUAGE_STANDARD = gnu17;
				GCC_DYNAMIC_NO_PIC = NO;
				GCC_NO_COMMON_BLOCKS = YES;
				GCC_OPTIMIZATION_LEVEL = 0;
				GCC_PREPROCESSOR_DEFINITIONS = (
					"DEBUG=1",
					"$(inherited)",
				);
				GCC_WARN_64_TO_32_BIT_CONVERSION = YES;
				GCC_WARN_ABOUT_RETURN_TYPE = YES_ERROR;
				GCC_WARN_UNDECLARED_SELECTOR = YES;
				GCC_WARN_UNINITIALIZED_AUTOS = YES_AGGRESSIVE;
				GCC_WARN_UNUSED_FUNCTION = YES;
				GCC_WARN_UNUSED_VARIABLE = YES;
				IPHONEOS_DEPLOYMENT_TARGET = 17.2;
				LOCALIZATION_PREFERS_STRING_CATALOGS = YES;
				MTL_ENABLE_DEBUG_INFO = INCLUDE_SOURCE;
				MTL_FAST_MATH = YES;
				ONLY_ACTIVE_ARCH = YES;
				SDKROOT = iphoneos;
				SWIFT_ACTIVE_COMPILATION_CONDITIONS = "DEBUG $(inherited)";
				SWIFT_OPTIMIZATION_LEVEL = "-Onone";
			};
			name = Debug;
		};
		0444E7FC2BFC7A2100FB96FD /* Release */ = {
			isa = XCBuildConfiguration;
			buildSettings = {
				ALWAYS_SEARCH_USER_PATHS = NO;
				ASSETCATALOG_COMPILER_GENERATE_SWIFT_ASSET_SYMBOL_EXTENSIONS = YES;
				CLANG_ANALYZER_NONNULL = YES;
				CLANG_ANALYZER_NUMBER_OBJECT_CONVERSION = YES_AGGRESSIVE;
				CLANG_CXX_LANGUAGE_STANDARD = "gnu++20";
				CLANG_ENABLE_MODULES = YES;
				CLANG_ENABLE_OBJC_ARC = YES;
				CLANG_ENABLE_OBJC_WEAK = YES;
				CLANG_WARN_BLOCK_CAPTURE_AUTORELEASING = YES;
				CLANG_WARN_BOOL_CONVERSION = YES;
				CLANG_WARN_COMMA = YES;
				CLANG_WARN_CONSTANT_CONVERSION = YES;
				CLANG_WARN_DEPRECATED_OBJC_IMPLEMENTATIONS = YES;
				CLANG_WARN_DIRECT_OBJC_ISA_USAGE = YES_ERROR;
				CLANG_WARN_DOCUMENTATION_COMMENTS = YES;
				CLANG_WARN_EMPTY_BODY = YES;
				CLANG_WARN_ENUM_CONVERSION = YES;
				CLANG_WARN_INFINITE_RECURSION = YES;
				CLANG_WARN_INT_CONVERSION = YES;
				CLANG_WARN_NON_LITERAL_NULL_CONVERSION = YES;
				CLANG_WARN_OBJC_IMPLICIT_RETAIN_SELF = YES;
				CLANG_WARN_OBJC_LITERAL_CONVERSION = YES;
				CLANG_WARN_OBJC_ROOT_CLASS = YES_ERROR;
				CLANG_WARN_QUOTED_INCLUDE_IN_FRAMEWORK_HEADER = YES;
				CLANG_WARN_RANGE_LOOP_ANALYSIS = YES;
				CLANG_WARN_STRICT_PROTOTYPES = YES;
				CLANG_WARN_SUSPICIOUS_MOVE = YES;
				CLANG_WARN_UNGUARDED_AVAILABILITY = YES_AGGRESSIVE;
				CLANG_WARN_UNREACHABLE_CODE = YES;
				CLANG_WARN__DUPLICATE_METHOD_MATCH = YES;
				COPY_PHASE_STRIP = NO;
				DEBUG_INFORMATION_FORMAT = "dwarf-with-dsym";
				ENABLE_NS_ASSERTIONS = NO;
				ENABLE_STRICT_OBJC_MSGSEND = YES;
				ENABLE_USER_SCRIPT_SANDBOXING = YES;
				GCC_C_LANGUAGE_STANDARD = gnu17;
				GCC_NO_COMMON_BLOCKS = YES;
				GCC_WARN_64_TO_32_BIT_CONVERSION = YES;
				GCC_WARN_ABOUT_RETURN_TYPE = YES_ERROR;
				GCC_WARN_UNDECLARED_SELECTOR = YES;
				GCC_WARN_UNINITIALIZED_AUTOS = YES_AGGRESSIVE;
				GCC_WARN_UNUSED_FUNCTION = YES;
				GCC_WARN_UNUSED_VARIABLE = YES;
				IPHONEOS_DEPLOYMENT_TARGET = 17.2;
				LOCALIZATION_PREFERS_STRING_CATALOGS = YES;
				MTL_ENABLE_DEBUG_INFO = NO;
				MTL_FAST_MATH = YES;
				SDKROOT = iphoneos;
				SWIFT_COMPILATION_MODE = wholemodule;
				VALIDATE_PRODUCT = YES;
			};
			name = Release;
		};
		0444E7FE2BFC7A2100FB96FD /* Debug */ = {
			isa = XCBuildConfiguration;
			buildSettings = {
				ASSETCATALOG_COMPILER_APPICON_NAME = AppIcon;
				ASSETCATALOG_COMPILER_GLOBAL_ACCENT_COLOR_NAME = AccentColor;
				CODE_SIGN_STYLE = Automatic;
				CURRENT_PROJECT_VERSION = 1;
				DEVELOPMENT_TEAM = H545GGT7HM;
				GENERATE_INFOPLIST_FILE = YES;
				INFOPLIST_FILE = RickAndMorty/Info.plist;
				INFOPLIST_KEY_UIApplicationSupportsIndirectInputEvents = YES;
				INFOPLIST_KEY_UILaunchStoryboardName = LaunchScreen;
				INFOPLIST_KEY_UISupportedInterfaceOrientations = UIInterfaceOrientationPortrait;
				LD_RUNPATH_SEARCH_PATHS = (
					"$(inherited)",
					"@executable_path/Frameworks",
				);
				MARKETING_VERSION = 1.0;
				PRODUCT_BUNDLE_IDENTIFIER = Liam.RickAndMorty;
				PRODUCT_NAME = "$(TARGET_NAME)";
				SWIFT_EMIT_LOC_STRINGS = YES;
				SWIFT_VERSION = 5.0;
				TARGETED_DEVICE_FAMILY = "1,2";
			};
			name = Debug;
		};
		0444E7FF2BFC7A2100FB96FD /* Release */ = {
			isa = XCBuildConfiguration;
			buildSettings = {
				ASSETCATALOG_COMPILER_APPICON_NAME = AppIcon;
				ASSETCATALOG_COMPILER_GLOBAL_ACCENT_COLOR_NAME = AccentColor;
				CODE_SIGN_STYLE = Automatic;
				CURRENT_PROJECT_VERSION = 1;
				DEVELOPMENT_TEAM = H545GGT7HM;
				GENERATE_INFOPLIST_FILE = YES;
				INFOPLIST_FILE = RickAndMorty/Info.plist;
				INFOPLIST_KEY_UIApplicationSupportsIndirectInputEvents = YES;
				INFOPLIST_KEY_UILaunchStoryboardName = LaunchScreen;
				INFOPLIST_KEY_UISupportedInterfaceOrientations = UIInterfaceOrientationPortrait;
				LD_RUNPATH_SEARCH_PATHS = (
					"$(inherited)",
					"@executable_path/Frameworks",
				);
				MARKETING_VERSION = 1.0;
				PRODUCT_BUNDLE_IDENTIFIER = Liam.RickAndMorty;
				PRODUCT_NAME = "$(TARGET_NAME)";
				SWIFT_EMIT_LOC_STRINGS = YES;
				SWIFT_VERSION = 5.0;
				TARGETED_DEVICE_FAMILY = "1,2";
			};
			name = Release;
		};
		0444E8012BFC7A2100FB96FD /* Debug */ = {
			isa = XCBuildConfiguration;
			buildSettings = {
				ALWAYS_EMBED_SWIFT_STANDARD_LIBRARIES = YES;
				BUNDLE_LOADER = "$(TEST_HOST)";
				CODE_SIGN_STYLE = Automatic;
				CURRENT_PROJECT_VERSION = 1;
				DEVELOPMENT_TEAM = H545GGT7HM;
				GENERATE_INFOPLIST_FILE = YES;
				IPHONEOS_DEPLOYMENT_TARGET = 17.2;
				MARKETING_VERSION = 1.0;
				PRODUCT_BUNDLE_IDENTIFIER = Liam.RickAndMortyTests;
				PRODUCT_NAME = "$(TARGET_NAME)";
				SWIFT_EMIT_LOC_STRINGS = NO;
				SWIFT_VERSION = 5.0;
				TARGETED_DEVICE_FAMILY = "1,2";
				TEST_HOST = "$(BUILT_PRODUCTS_DIR)/RickAndMorty.app/$(BUNDLE_EXECUTABLE_FOLDER_PATH)/RickAndMorty";
			};
			name = Debug;
		};
		0444E8022BFC7A2100FB96FD /* Release */ = {
			isa = XCBuildConfiguration;
			buildSettings = {
				ALWAYS_EMBED_SWIFT_STANDARD_LIBRARIES = YES;
				BUNDLE_LOADER = "$(TEST_HOST)";
				CODE_SIGN_STYLE = Automatic;
				CURRENT_PROJECT_VERSION = 1;
				DEVELOPMENT_TEAM = H545GGT7HM;
				GENERATE_INFOPLIST_FILE = YES;
				IPHONEOS_DEPLOYMENT_TARGET = 17.2;
				MARKETING_VERSION = 1.0;
				PRODUCT_BUNDLE_IDENTIFIER = Liam.RickAndMortyTests;
				PRODUCT_NAME = "$(TARGET_NAME)";
				SWIFT_EMIT_LOC_STRINGS = NO;
				SWIFT_VERSION = 5.0;
				TARGETED_DEVICE_FAMILY = "1,2";
				TEST_HOST = "$(BUILT_PRODUCTS_DIR)/RickAndMorty.app/$(BUNDLE_EXECUTABLE_FOLDER_PATH)/RickAndMorty";
			};
			name = Release;
		};
		0444E8042BFC7A2100FB96FD /* Debug */ = {
			isa = XCBuildConfiguration;
			buildSettings = {
				ALWAYS_EMBED_SWIFT_STANDARD_LIBRARIES = YES;
				CODE_SIGN_STYLE = Automatic;
				CURRENT_PROJECT_VERSION = 1;
				DEVELOPMENT_TEAM = H545GGT7HM;
				GENERATE_INFOPLIST_FILE = YES;
				MARKETING_VERSION = 1.0;
				PRODUCT_BUNDLE_IDENTIFIER = Liam.RickAndMortyUITests;
				PRODUCT_NAME = "$(TARGET_NAME)";
				SWIFT_EMIT_LOC_STRINGS = NO;
				SWIFT_VERSION = 5.0;
				TARGETED_DEVICE_FAMILY = "1,2";
				TEST_TARGET_NAME = RickAndMorty;
			};
			name = Debug;
		};
		0444E8052BFC7A2100FB96FD /* Release */ = {
			isa = XCBuildConfiguration;
			buildSettings = {
				ALWAYS_EMBED_SWIFT_STANDARD_LIBRARIES = YES;
				CODE_SIGN_STYLE = Automatic;
				CURRENT_PROJECT_VERSION = 1;
				DEVELOPMENT_TEAM = H545GGT7HM;
				GENERATE_INFOPLIST_FILE = YES;
				MARKETING_VERSION = 1.0;
				PRODUCT_BUNDLE_IDENTIFIER = Liam.RickAndMortyUITests;
				PRODUCT_NAME = "$(TARGET_NAME)";
				SWIFT_EMIT_LOC_STRINGS = NO;
				SWIFT_VERSION = 5.0;
				TARGETED_DEVICE_FAMILY = "1,2";
				TEST_TARGET_NAME = RickAndMorty;
			};
			name = Release;
		};
/* End XCBuildConfiguration section */

/* Begin XCConfigurationList section */
		0444E7CE2BFC7A1E00FB96FD /* Build configuration list for PBXProject "RickAndMorty" */ = {
			isa = XCConfigurationList;
			buildConfigurations = (
				0444E7FB2BFC7A2100FB96FD /* Debug */,
				0444E7FC2BFC7A2100FB96FD /* Release */,
			);
			defaultConfigurationIsVisible = 0;
			defaultConfigurationName = Release;
		};
		0444E7FD2BFC7A2100FB96FD /* Build configuration list for PBXNativeTarget "RickAndMorty" */ = {
			isa = XCConfigurationList;
			buildConfigurations = (
				0444E7FE2BFC7A2100FB96FD /* Debug */,
				0444E7FF2BFC7A2100FB96FD /* Release */,
			);
			defaultConfigurationIsVisible = 0;
			defaultConfigurationName = Release;
		};
		0444E8002BFC7A2100FB96FD /* Build configuration list for PBXNativeTarget "RickAndMortyTests" */ = {
			isa = XCConfigurationList;
			buildConfigurations = (
				0444E8012BFC7A2100FB96FD /* Debug */,
				0444E8022BFC7A2100FB96FD /* Release */,
			);
			defaultConfigurationIsVisible = 0;
			defaultConfigurationName = Release;
		};
		0444E8032BFC7A2100FB96FD /* Build configuration list for PBXNativeTarget "RickAndMortyUITests" */ = {
			isa = XCConfigurationList;
			buildConfigurations = (
				0444E8042BFC7A2100FB96FD /* Debug */,
				0444E8052BFC7A2100FB96FD /* Release */,
			);
			defaultConfigurationIsVisible = 0;
			defaultConfigurationName = Release;
		};
/* End XCConfigurationList section */
	};
	rootObject = 0444E7CB2BFC7A1E00FB96FD /* Project object */;
}
